
Microsoft Visual Studio Solution File, Format Version 12.00
# Visual Studio Version 17
VisualStudioVersion = 17.0.31903.59
MinimumVisualStudioVersion = 10.0.40219.1
Project("{FAE04EC0-301F-11D3-BF4B-00C04F79EFBC}") = "ZapTask.API", "ZapTask.API\ZapTask.API.csproj", "{C1C9BD3F-3480-4854-A584-61D533D129C5}"
EndProject
Project("{FAE04EC0-301F-11D3-BF4B-00C04F79EFBC}") = "ZapTask.Application", "ZapTask.Application\ZapTask.Application.csproj", "{B2DC0F4C-727C-43A1-B197-04266B565AE1}"
EndProject
Project("{FAE04EC0-301F-11D3-BF4B-00C04F79EFBC}") = "ZapTask.Domain", "ZapTask.Domain\ZapTask.Domain.csproj", "{ECCD8CF2-8DB5-4349-8C61-D312BA3FA2FF}"
EndProject
Project("{FAE04EC0-301F-11D3-BF4B-00C04F79EFBC}") = "ZapTask.Infrastructure", "ZapTask.Infrastructure\ZapTask.Infrastructure.csproj", "{8EE92F24-710D-4EB8-972B-22172925FCE3}"
EndProject
Global
	GlobalSection(SolutionConfigurationPlatforms) = preSolution
		Debug|Any CPU = Debug|Any CPU
		Debug|x64 = Debug|x64
		Debug|x86 = Debug|x86
		Release|Any CPU = Release|Any CPU
		Release|x64 = Release|x64
		Release|x86 = Release|x86
	EndGlobalSection
	GlobalSection(ProjectConfigurationPlatforms) = postSolution
		{C1C9BD3F-3480-4854-A584-61D533D129C5}.Debug|Any CPU.ActiveCfg = Debug|Any CPU
		{C1C9BD3F-3480-4854-A584-61D533D129C5}.Debug|Any CPU.Build.0 = Debug|Any CPU
		{C1C9BD3F-3480-4854-A584-61D533D129C5}.Debug|x64.ActiveCfg = Debug|Any CPU
		{C1C9BD3F-3480-4854-A584-61D533D129C5}.Debug|x64.Build.0 = Debug|Any CPU
		{C1C9BD3F-3480-4854-A584-61D533D129C5}.Debug|x86.ActiveCfg = Debug|Any CPU
		{C1C9BD3F-3480-4854-A584-61D533D129C5}.Debug|x86.Build.0 = Debug|Any CPU
		{C1C9BD3F-3480-4854-A584-61D533D129C5}.Release|Any CPU.ActiveCfg = Release|Any CPU
		{C1C9BD3F-3480-4854-A584-61D533D129C5}.Release|Any CPU.Build.0 = Release|Any CPU
		{C1C9BD3F-3480-4854-A584-61D533D129C5}.Release|x64.ActiveCfg = Release|Any CPU
		{C1C9BD3F-3480-4854-A584-61D533D129C5}.Release|x64.Build.0 = Release|Any CPU
		{C1C9BD3F-3480-4854-A584-61D533D129C5}.Release|x86.ActiveCfg = Release|Any CPU
		{C1C9BD3F-3480-4854-A584-61D533D129C5}.Release|x86.Build.0 = Release|Any CPU
		{B2DC0F4C-727C-43A1-B197-04266B565AE1}.Debug|Any CPU.ActiveCfg = Debug|Any CPU
		{B2DC0F4C-727C-43A1-B197-04266B565AE1}.Debug|Any CPU.Build.0 = Debug|Any CPU
		{B2DC0F4C-727C-43A1-B197-04266B565AE1}.Debug|x64.ActiveCfg = Debug|Any CPU
		{B2DC0F4C-727C-43A1-B197-04266B565AE1}.Debug|x64.Build.0 = Debug|Any CPU
		{B2DC0F4C-727C-43A1-B197-04266B565AE1}.Debug|x86.ActiveCfg = Debug|Any CPU
		{B2DC0F4C-727C-43A1-B197-04266B565AE1}.Debug|x86.Build.0 = Debug|Any CPU
		{B2DC0F4C-727C-43A1-B197-04266B565AE1}.Release|Any CPU.ActiveCfg = Release|Any CPU
		{B2DC0F4C-727C-43A1-B197-04266B565AE1}.Release|Any CPU.Build.0 = Release|Any CPU
		{B2DC0F4C-727C-43A1-B197-04266B565AE1}.Release|x64.ActiveCfg = Release|Any CPU
		{B2DC0F4C-727C-43A1-B197-04266B565AE1}.Release|x64.Build.0 = Release|Any CPU
		{B2DC0F4C-727C-43A1-B197-04266B565AE1}.Release|x86.ActiveCfg = Release|Any CPU
		{B2DC0F4C-727C-43A1-B197-04266B565AE1}.Release|x86.Build.0 = Release|Any CPU
		{ECCD8CF2-8DB5-4349-8C61-D312BA3FA2FF}.Debug|Any CPU.ActiveCfg = Debug|Any CPU
		{ECCD8CF2-8DB5-4349-8C61-D312BA3FA2FF}.Debug|Any CPU.Build.0 = Debug|Any CPU
		{ECCD8CF2-8DB5-4349-8C61-D312BA3FA2FF}.Debug|x64.ActiveCfg = Debug|Any CPU
		{ECCD8CF2-8DB5-4349-8C61-D312BA3FA2FF}.Debug|x64.Build.0 = Debug|Any CPU
		{ECCD8CF2-8DB5-4349-8C61-D312BA3FA2FF}.Debug|x86.ActiveCfg = Debug|Any CPU
		{ECCD8CF2-8DB5-4349-8C61-D312BA3FA2FF}.Debug|x86.Build.0 = Debug|Any CPU
		{ECCD8CF2-8DB5-4349-8C61-D312BA3FA2FF}.Release|Any CPU.ActiveCfg = Release|Any CPU
		{ECCD8CF2-8DB5-4349-8C61-D312BA3FA2FF}.Release|Any CPU.Build.0 = Release|Any CPU
		{ECCD8CF2-8DB5-4349-8C61-D312BA3FA2FF}.Release|x64.ActiveCfg = Release|Any CPU
		{ECCD8CF2-8DB5-4349-8C61-D312BA3FA2FF}.Release|x64.Build.0 = Release|Any CPU
		{ECCD8CF2-8DB5-4349-8C61-D312BA3FA2FF}.Release|x86.ActiveCfg = Release|Any CPU
		{ECCD8CF2-8DB5-4349-8C61-D312BA3FA2FF}.Release|x86.Build.0 = Release|Any CPU
		{8EE92F24-710D-4EB8-972B-22172925FCE3}.Debug|Any CPU.ActiveCfg = Debug|Any CPU
		{8EE92F24-710D-4EB8-972B-22172925FCE3}.Debug|Any CPU.Build.0 = Debug|Any CPU
		{8EE92F24-710D-4EB8-972B-22172925FCE3}.Debug|x64.ActiveCfg = Debug|Any CPU
		{8EE92F24-710D-4EB8-972B-22172925FCE3}.Debug|x64.Build.0 = Debug|Any CPU
		{8EE92F24-710D-4EB8-972B-22172925FCE3}.Debug|x86.ActiveCfg = Debug|Any CPU
		{8EE92F24-710D-4EB8-972B-22172925FCE3}.Debug|x86.Build.0 = Debug|Any CPU
		{8EE92F24-710D-4EB8-972B-22172925FCE3}.Release|Any CPU.ActiveCfg = Release|Any CPU
		{8EE92F24-710D-4EB8-972B-22172925FCE3}.Release|Any CPU.Build.0 = Release|Any CPU
		{8EE92F24-710D-4EB8-972B-22172925FCE3}.Release|x64.ActiveCfg = Release|Any CPU
		{8EE92F24-710D-4EB8-972B-22172925FCE3}.Release|x64.Build.0 = Release|Any CPU
		{8EE92F24-710D-4EB8-972B-22172925FCE3}.Release|x86.ActiveCfg = Release|Any CPU
		{8EE92F24-710D-4EB8-972B-22172925FCE3}.Release|x86.Build.0 = Release|Any CPU
	EndGlobalSection
	GlobalSection(SolutionProperties) = preSolution
		HideSolutionNode = FALSE
	EndGlobalSection
EndGlobal
